
Microsoft Visual Studio Solution File, Format Version 12.00
# Visual Studio Version 16
VisualStudioVersion = 16.0.31515.178
MinimumVisualStudioVersion = 10.0.40219.1
Project("{8BC9CEB8-8B4A-11D0-8D11-00A0C91BC942}") = "BroadcastPtr", "BroadcastPtr.vcxproj", "{99653157-A846-4F25-B66C-85366AF23721}"
EndProject
Global
	GlobalSection(SolutionConfigurationPlatforms) = preSolution
		Debug|x64 = Debug|x64
		Debug|x86 = Debug|x86
		Release|x64 = Release|x64
		Release|x86 = Release|x86
	EndGlobalSection
	GlobalSection(ProjectConfigurationPlatforms) = postSolution
		{99653157-A846-4F25-B66C-85366AF23721}.Debug|x64.ActiveCfg = Debug|x64
		{99653157-A846-4F25-B66C-85366AF23721}.Debug|x64.Build.0 = Debug|x64
		{99653157-A846-4F25-B66C-85366AF23721}.Debug|x86.ActiveCfg = Debug|Win32
		{99653157-A846-4F25-B66C-85366AF23721}.Debug|x86.Build.0 = Debug|Win32
		{99653157-A846-4F25-B66C-85366AF23721}.Release|x64.ActiveCfg = Release|x64
		{99653157-A846-4F25-B66C-85366AF23721}.Release|x64.Build.0 = Release|x64
		{99653157-A846-4F25-B66C-85366AF23721}.Release|x86.ActiveCfg = Release|Win32
		{99653157-A846-4F25-B66C-85366AF23721}.Release|x86.Build.0 = Release|Win32
	EndGlobalSection
	GlobalSection(SolutionProperties) = preSolution
		HideSolutionNode = FALSE
	EndGlobalSection
	GlobalSection(ExtensibilityGlobals) = postSolution
		SolutionGuid = {C97AB401-B758-419B-89B7-55B92DA1340C}
	EndGlobalSection
EndGlobal
